
Microsoft Visual Studio Solution File, Format Version 12.00
# Visual Studio Version 17
VisualStudioVersion = 17.13.35806.99 d17.13
MinimumVisualStudioVersion = 10.0.40219.1
Project("{E24C65DC-7377-472B-9ABA-BC803B73C61A}") = "OmParmanand", ".", "{635FAB03-6667-80CC-D818-EF1BE8795DAC}"
	ProjectSection(WebsiteProperties) = preProject
		TargetFrameworkMoniker = ".NETFramework,Version%3Dv4.8.1"
		Debug.AspNetCompiler.VirtualPath = "/localhost_58017"
		Debug.AspNetCompiler.PhysicalPath = "..\OmParmanand\"
		Debug.AspNetCompiler.TargetPath = "PrecompiledWeb\localhost_58017\"
		Debug.AspNetCompiler.Updateable = "true"
		Debug.AspNetCompiler.ForceOverwrite = "true"
		Debug.AspNetCompiler.FixedNames = "false"
		Debug.AspNetCompiler.Debug = "True"
		Release.AspNetCompiler.VirtualPath = "/localhost_58017"
		Release.AspNetCompiler.PhysicalPath = "..\OmParmanand\"
		Release.AspNetCompiler.TargetPath = "PrecompiledWeb\localhost_58017\"
		Release.AspNetCompiler.Updateable = "true"
		Release.AspNetCompiler.ForceOverwrite = "true"
		Release.AspNetCompiler.FixedNames = "false"
		Release.AspNetCompiler.Debug = "False"
		VWDPort = "58017"
		SlnRelativePath = "..\OmParmanand\"
	EndProjectSection
EndProject
Global
	GlobalSection(SolutionConfigurationPlatforms) = preSolution
		Debug|Any CPU = Debug|Any CPU
	EndGlobalSection
	GlobalSection(ProjectConfigurationPlatforms) = postSolution
		{635FAB03-6667-80CC-D818-EF1BE8795DAC}.Debug|Any CPU.ActiveCfg = Debug|Any CPU
		{635FAB03-6667-80CC-D818-EF1BE8795DAC}.Debug|Any CPU.Build.0 = Debug|Any CPU
	EndGlobalSection
	GlobalSection(SolutionProperties) = preSolution
		HideSolutionNode = FALSE
	EndGlobalSection
	GlobalSection(ExtensibilityGlobals) = postSolution
		SolutionGuid = {D327A335-2080-426C-9A41-89D7C6F9D38E}
	EndGlobalSection
EndGlobal
